
Microsoft Visual Studio Solution File, Format Version 12.00
# Visual Studio Version 17
VisualStudioVersion = 17.9.34728.123
MinimumVisualStudioVersion = 10.0.40219.1
Project("{FAE04EC0-301F-11D3-BF4B-00C04F79EFBC}") = "SwitchCasePractice", "SwitchCasePractice\SwitchCasePractice.csproj", "{5056209D-79FF-4D1A-9B3F-87A88A4BD67A}"
EndProject
Global
	GlobalSection(SolutionConfigurationPlatforms) = preSolution
		Debug|Any CPU = Debug|Any CPU
		Release|Any CPU = Release|Any CPU
	EndGlobalSection
	GlobalSection(ProjectConfigurationPlatforms) = postSolution
		{5056209D-79FF-4D1A-9B3F-87A88A4BD67A}.Debug|Any CPU.ActiveCfg = Debug|Any CPU
		{5056209D-79FF-4D1A-9B3F-87A88A4BD67A}.Debug|Any CPU.Build.0 = Debug|Any CPU
		{5056209D-79FF-4D1A-9B3F-87A88A4BD67A}.Release|Any CPU.ActiveCfg = Release|Any CPU
		{5056209D-79FF-4D1A-9B3F-87A88A4BD67A}.Release|Any CPU.Build.0 = Release|Any CPU
	EndGlobalSection
	GlobalSection(SolutionProperties) = preSolution
		HideSolutionNode = FALSE
	EndGlobalSection
	GlobalSection(ExtensibilityGlobals) = postSolution
		SolutionGuid = {087609E2-72A7-4027-A0BC-0377D02CAC92}
	EndGlobalSection
EndGlobal
